# Versions EXACTES de l'environnement de test et d'execution (Mission 004.3).
# Utilise par la CI (et par l'image conteneur en 004.3.8):
#     python -m pip install --no-deps -r requirements.lock
# Contraintes de haut niveau: requirements.txt et pyproject.toml. Fermeture transitive et
# correspondance avec l'environnement installe: tests/test_requirements_lock.py.
# greenlet: exige par SQLAlchemy sur Linux x86_64/aarch64 (marqueur recopie de SQLAlchemy 2.0.53).
alembic==1.20.0
greenlet==3.5.6 ; platform_machine == "aarch64" or platform_machine == "ppc64le" or platform_machine == "x86_64" or platform_machine == "amd64" or platform_machine == "AMD64" or platform_machine == "win32" or platform_machine == "WIN32"
iniconfig==2.3.0
Mako==1.4.1
MarkupSafe==3.0.3
packaging==26.3
pluggy==1.6.0
psycopg==3.3.5
psycopg-binary==3.3.5 ; implementation_name != "pypy"
Pygments==2.21.0
pytest==9.1.1
SQLAlchemy==2.0.53
typing_extensions==4.16.0
